
Microsoft Visual Studio Solution File, Format Version 12.00
# Visual Studio Version 17
VisualStudioVersion = 17.2.32526.322
MinimumVisualStudioVersion = 10.0.40219.1
Project("{9A19103F-16F7-4668-BE54-9A1E7A4F7556}") = "ConsoleApp", "ConsoleApp\ConsoleApp.csproj", "{23FC4577-DA1B-4E92-B1D7-A1EBDE31A32F}"
EndProject
Project("{9A19103F-16F7-4668-BE54-9A1E7A4F7556}") = "Model", "Model\Model.csproj", "{B0D05645-D8AA-438B-ACCD-130253D624C5}"
EndProject
Project("{9A19103F-16F7-4668-BE54-9A1E7A4F7556}") = "Data", "Data\Data.csproj", "{A30085E2-5C17-45B9-8D7B-F14745705E8E}"
EndProject
Project("{9A19103F-16F7-4668-BE54-9A1E7A4F7556}") = "WpfApp", "WpfApp\WpfApp.csproj", "{253F45C1-06FA-427D-B074-84AF3D21F015}"
EndProject
Project("{FAE04EC0-301F-11D3-BF4B-00C04F79EFBC}") = "WebApi", "WebApi\WebApi.csproj", "{20AB6AAA-71A5-4D1B-8935-03266FC2954E}"
EndProject
Global
	GlobalSection(SolutionConfigurationPlatforms) = preSolution
		Debug|Any CPU = Debug|Any CPU
		Release|Any CPU = Release|Any CPU
	EndGlobalSection
	GlobalSection(ProjectConfigurationPlatforms) = postSolution
		{23FC4577-DA1B-4E92-B1D7-A1EBDE31A32F}.Debug|Any CPU.ActiveCfg = Debug|Any CPU
		{23FC4577-DA1B-4E92-B1D7-A1EBDE31A32F}.Debug|Any CPU.Build.0 = Debug|Any CPU
		{23FC4577-DA1B-4E92-B1D7-A1EBDE31A32F}.Release|Any CPU.ActiveCfg = Release|Any CPU
		{23FC4577-DA1B-4E92-B1D7-A1EBDE31A32F}.Release|Any CPU.Build.0 = Release|Any CPU
		{B0D05645-D8AA-438B-ACCD-130253D624C5}.Debug|Any CPU.ActiveCfg = Debug|Any CPU
		{B0D05645-D8AA-438B-ACCD-130253D624C5}.Debug|Any CPU.Build.0 = Debug|Any CPU
		{B0D05645-D8AA-438B-ACCD-130253D624C5}.Release|Any CPU.ActiveCfg = Release|Any CPU
		{B0D05645-D8AA-438B-ACCD-130253D624C5}.Release|Any CPU.Build.0 = Release|Any CPU
		{A30085E2-5C17-45B9-8D7B-F14745705E8E}.Debug|Any CPU.ActiveCfg = Debug|Any CPU
		{A30085E2-5C17-45B9-8D7B-F14745705E8E}.Debug|Any CPU.Build.0 = Debug|Any CPU
		{A30085E2-5C17-45B9-8D7B-F14745705E8E}.Release|Any CPU.ActiveCfg = Release|Any CPU
		{A30085E2-5C17-45B9-8D7B-F14745705E8E}.Release|Any CPU.Build.0 = Release|Any CPU
		{253F45C1-06FA-427D-B074-84AF3D21F015}.Debug|Any CPU.ActiveCfg = Debug|Any CPU
		{253F45C1-06FA-427D-B074-84AF3D21F015}.Debug|Any CPU.Build.0 = Debug|Any CPU
		{253F45C1-06FA-427D-B074-84AF3D21F015}.Release|Any CPU.ActiveCfg = Release|Any CPU
		{253F45C1-06FA-427D-B074-84AF3D21F015}.Release|Any CPU.Build.0 = Release|Any CPU
		{20AB6AAA-71A5-4D1B-8935-03266FC2954E}.Debug|Any CPU.ActiveCfg = Debug|Any CPU
		{20AB6AAA-71A5-4D1B-8935-03266FC2954E}.Debug|Any CPU.Build.0 = Debug|Any CPU
		{20AB6AAA-71A5-4D1B-8935-03266FC2954E}.Release|Any CPU.ActiveCfg = Release|Any CPU
		{20AB6AAA-71A5-4D1B-8935-03266FC2954E}.Release|Any CPU.Build.0 = Release|Any CPU
	EndGlobalSection
	GlobalSection(SolutionProperties) = preSolution
		HideSolutionNode = FALSE
	EndGlobalSection
	GlobalSection(ExtensibilityGlobals) = postSolution
		SolutionGuid = {505199AA-5802-44E8-B174-9E9985C5D47A}
	EndGlobalSection
EndGlobal
